
Microsoft Visual Studio Solution File, Format Version 12.00
# Visual Studio Version 16
VisualStudioVersion = 16.0.29519.87
MinimumVisualStudioVersion = 10.0.40219.1
Project("{9092AA53-FB77-4645-B42D-1CCCA6BD08BD}") = "SortingWeb", "SortingWeb.njsproj", "{345EDE2D-65E0-498E-872D-E3A72F7D0C9E}"
EndProject
Project("{2150E333-8FDC-42A3-9474-1A3956D46DE8}") = "Solution Items", "Solution Items", "{91D2C607-B3E9-40B6-B473-8AB4DC7706E6}"
EndProject
Global
	GlobalSection(SolutionConfigurationPlatforms) = preSolution
		Debug|Any CPU = Debug|Any CPU
		Release|Any CPU = Release|Any CPU
	EndGlobalSection
	GlobalSection(ProjectConfigurationPlatforms) = postSolution
		{345EDE2D-65E0-498E-872D-E3A72F7D0C9E}.Debug|Any CPU.ActiveCfg = Debug|Any CPU
		{345EDE2D-65E0-498E-872D-E3A72F7D0C9E}.Debug|Any CPU.Build.0 = Debug|Any CPU
		{345EDE2D-65E0-498E-872D-E3A72F7D0C9E}.Release|Any CPU.ActiveCfg = Release|Any CPU
		{345EDE2D-65E0-498E-872D-E3A72F7D0C9E}.Release|Any CPU.Build.0 = Release|Any CPU
	EndGlobalSection
	GlobalSection(SolutionProperties) = preSolution
		HideSolutionNode = FALSE
	EndGlobalSection
	GlobalSection(ExtensibilityGlobals) = postSolution
		SolutionGuid = {DFCE72D4-4462-4472-8676-6DFC2F952E5C}
	EndGlobalSection
EndGlobal
